// !$*UTF8*$!
{
	archiveVersion = 1;
	classes = {
	};
	objectVersion = 50;
	objects = {

/* Begin PBXBuildFile section */
		21540C7C24A4982F0036E75C /* AppDelegate.swift in Sources */ = {isa = PBXBuildFile; fileRef = 21540C7B24A4982F0036E75C /* AppDelegate.swift */; };
		21540C8324A4982F0036E75C /* Main.storyboard in Resources */ = {isa = PBXBuildFile; fileRef = 21540C8124A4982F0036E75C /* Main.storyboard */; };
		21540C8524A498320036E75C /* Assets.xcassets in Resources */ = {isa = PBXBuildFile; fileRef = 21540C8424A498320036E75C /* Assets.xcassets */; };
		21540C8824A498320036E75C /* LaunchScreen.storyboard in Resources */ = {isa = PBXBuildFile; fileRef = 21540C8624A498320036E75C /* LaunchScreen.storyboard */; };
		21540C9024A498DD0036E75C /* MasterViewController.swift in Sources */ = {isa = PBXBuildFile; fileRef = 21540C8F24A498DD0036E75C /* MasterViewController.swift */; };
		21540C9224A498EF0036E75C /* DetailViewController.swift in Sources */ = {isa = PBXBuildFile; fileRef = 21540C9124A498EF0036E75C /* DetailViewController.swift */; };
		21540CB424A49B6E0036E75C /* SceneDelegate.swift in Sources */ = {isa = PBXBuildFile; fileRef = 21540CB324A49B6E0036E75C /* SceneDelegate.swift */; };
/* End PBXBuildFile section */

/* Begin PBXFileReference section */
		21540C7824A4982F0036E75C /* SplitViewControllerTest.app */ = {isa = PBXFileReference; explicitFileType = wrapper.application; includeInIndex = 0; path = SplitViewControllerTest.app; sourceTree = BUILT_PRODUCTS_DIR; };
		21540C7B24A4982F0036E75C /* AppDelegate.swift */ = {isa = PBXFileReference; lastKnownFileType = sourcecode.swift; path = AppDelegate.swift; sourceTree = "<group>"; };
		21540C8224A4982F0036E75C /* Base */ = {isa = PBXFileReference; lastKnownFileType = file.storyboard; name = Base; path = Base.lproj/Main.storyboard; sourceTree = "<group>"; };
		21540C8424A498320036E75C /* Assets.xcassets */ = {isa = PBXFileReference; lastKnownFileType = folder.assetcatalog; path = Assets.xcassets; sourceTree = "<group>"; };
		21540C8724A498320036E75C /* Base */ = {isa = PBXFileReference; lastKnownFileType = file.storyboard; name = Base; path = Base.lproj/LaunchScreen.storyboard; sourceTree = "<group>"; };
		21540C8924A498320036E75C /* Info.plist */ = {isa = PBXFileReference; lastKnownFileType = text.plist.xml; path = Info.plist; sourceTree = "<group>"; };
		21540C8F24A498DD0036E75C /* MasterViewController.swift */ = {isa = PBXFileReference; lastKnownFileType = sourcecode.swift; path = MasterViewController.swift; sourceTree = "<group>"; };
		21540C9124A498EF0036E75C /* DetailViewController.swift */ = {isa = PBXFileReference; lastKnownFileType = sourcecode.swift; path = DetailViewController.swift; sourceTree = "<group>"; };
		21540CB324A49B6E0036E75C /* SceneDelegate.swift */ = {isa = PBXFileReference; fileEncoding = 4; lastKnownFileType = sourcecode.swift; path = SceneDelegate.swift; sourceTree = "<group>"; };
/* End PBXFileReference section */

/* Begin PBXFrameworksBuildPhase section */
		21540C7524A4982F0036E75C /* Frameworks */ = {
			isa = PBXFrameworksBuildPhase;
			buildActionMask = 2147483647;
			files = (
			);
			runOnlyForDeploymentPostprocessing = 0;
		};
/* End PBXFrameworksBuildPhase section */

/* Begin PBXGroup section */
		21540C6F24A4982F0036E75C = {
			isa = PBXGroup;
			children = (
				21540C7A24A4982F0036E75C /* SplitViewControllerTest */,
				21540C7924A4982F0036E75C /* Products */,
			);
			sourceTree = "<group>";
		};
		21540C7924A4982F0036E75C /* Products */ = {
			isa = PBXGroup;
			children = (
				21540C7824A4982F0036E75C /* SplitViewControllerTest.app */,
			);
			name = Products;
			sourceTree = "<group>";
		};
		21540C7A24A4982F0036E75C /* SplitViewControllerTest */ = {
			isa = PBXGroup;
			children = (
				21540C7B24A4982F0036E75C /* AppDelegate.swift */,
				21540CB324A49B6E0036E75C /* SceneDelegate.swift */,
				21540C8F24A498DD0036E75C /* MasterViewController.swift */,
				21540C9124A498EF0036E75C /* DetailViewController.swift */,
				21540C8124A4982F0036E75C /* Main.storyboard */,
				21540C8424A498320036E75C /* Assets.xcassets */,
				21540C8624A498320036E75C /* LaunchScreen.storyboard */,
				21540C8924A498320036E75C /* Info.plist */,
			);
			path = SplitViewControllerTest;
			sourceTree = "<group>";
		};
/* End PBXGroup section */

/* Begin PBXNativeTarget section */
		21540C7724A4982F0036E75C /* SplitViewControllerTest */ = {
			isa = PBXNativeTarget;
			buildConfigurationList = 21540C8C24A498320036E75C /* Build configuration list for PBXNativeTarget "SplitViewControllerTest" */;
			buildPhases = (
				21540C7424A4982F0036E75C /* Sources */,
				21540C7524A4982F0036E75C /* Frameworks */,
				21540C7624A4982F0036E75C /* Resources */,
			);
			buildRules = (
			);
			dependencies = (
			);
			name = SplitViewControllerTest;
			productName = SplitViewControllerTest;
			productReference = 21540C7824A4982F0036E75C /* SplitViewControllerTest.app */;
			productType = "com.apple.product-type.application";
		};
/* End PBXNativeTarget section */

/* Begin PBXProject section */
		21540C7024A4982F0036E75C /* Project object */ = {
			isa = PBXProject;
			attributes = {
				LastSwiftUpdateCheck = 1150;
				LastUpgradeCheck = 1150;
				ORGANIZATIONNAME = Innovaptor;
				TargetAttributes = {
					21540C7724A4982F0036E75C = {
						CreatedOnToolsVersion = 11.5;
					};
				};
			};
			buildConfigurationList = 21540C7324A4982F0036E75C /* Build configuration list for PBXProject "SplitViewControllerTest" */;
			compatibilityVersion = "Xcode 9.3";
			developmentRegion = en;
			hasScannedForEncodings = 0;
			knownRegions = (
				en,
				Base,
			);
			mainGroup = 21540C6F24A4982F0036E75C;
			productRefGroup = 21540C7924A4982F0036E75C /* Products */;
			projectDirPath = "";
			projectRoot = "";
			targets = (
				21540C7724A4982F0036E75C /* SplitViewControllerTest */,
			);
		};
/* End PBXProject section */

/* Begin PBXResourcesBuildPhase section */
		21540C7624A4982F0036E75C /* Resources */ = {
			isa = PBXResourcesBuildPhase;
			buildActionMask = 2147483647;
			files = (
				21540C8824A498320036E75C /* LaunchScreen.storyboard in Resources */,
				21540C8524A498320036E75C /* Assets.xcassets in Resources */,
				21540C8324A4982F0036E75C /* Main.storyboard in Resources */,
			);
			runOnlyForDeploymentPostprocessing = 0;
		};
/* End PBXResourcesBuildPhase section */

/* Begin PBXSourcesBuildPhase section */
		21540C7424A4982F0036E75C /* Sources */ = {
			isa = PBXSourcesBuildPhase;
			buildActionMask = 2147483647;
			files = (
				21540C9224A498EF0036E75C /* DetailViewController.swift in Sources */,
				21540C9024A498DD0036E75C /* MasterViewController.swift in Sources */,
				21540C7C24A4982F0036E75C /* AppDelegate.swift in Sources */,
				21540CB424A49B6E0036E75C /* SceneDelegate.swift in Sources */,
			);
			runOnlyForDeploymentPostprocessing = 0;
		};
/* End PBXSourcesBuildPhase section */

/* Begin PBXVariantGroup section */
		21540C8124A4982F0036E75C /* Main.storyboard */ = {
			isa = PBXVariantGroup;
			children = (
				21540C8224A4982F0036E75C /* Base */,
			);
			name = Main.storyboard;
			sourceTree = "<group>";
		};
		21540C8624A498320036E75C /* LaunchScreen.storyboard */ = {
			isa = PBXVariantGroup;
			children = (
				21540C8724A498320036E75C /* Base */,
			);
			name = LaunchScreen.storyboard;
			sourceTree = "<group>";
		};
/* End PBXVariantGroup section */

/* Begin XCBuildConfiguration section */
		21540C8A24A498320036E75C /* Debug */ = {
			isa = XCBuildConfiguration;
			buildSettings = {
				ALWAYS_SEARCH_USER_PATHS = NO;
				CLANG_ANALYZER_NONNULL = YES;
				CLANG_ANALYZER_NUMBER_OBJECT_CONVERSION = YES_AGGRESSIVE;
				CLANG_CXX_LANGUAGE_STANDARD = "gnu++14";
				CLANG_CXX_LIBRARY = "libc++";
				CLANG_ENABLE_MODULES = YES;
				CLANG_ENABLE_OBJC_ARC = YES;
				CLANG_ENABLE_OBJC_WEAK = YES;
				CLANG_WARN_BLOCK_CAPTURE_AUTORELEASING = YES;
				CLANG_WARN_BOOL_CONVERSION = YES;
				CLANG_WARN_COMMA = YES;
				CLANG_WARN_CONSTANT_CONVERSION = YES;
				CLANG_WARN_DEPRECATED_OBJC_IMPLEMENTATIONS = YES;
				CLANG_WARN_DIRECT_OBJC_ISA_USAGE = YES_ERROR;
				CLANG_WARN_DOCUMENTATION_COMMENTS = YES;
				CLANG_WARN_EMPTY_BODY = YES;
				CLANG_WARN_ENUM_CONVERSION = YES;
				CLANG_WARN_INFINITE_RECURSION = YES;
				CLANG_WARN_INT_CONVERSION = YES;
				CLANG_WARN_NON_LITERAL_NULL_CONVERSION = YES;
				CLANG_WARN_OBJC_IMPLICIT_RETAIN_SELF = YES;
				CLANG_WARN_OBJC_LITERAL_CONVERSION = YES;
				CLANG_WARN_OBJC_ROOT_CLASS = YES_ERROR;
				CLANG_WARN_RANGE_LOOP_ANALYSIS = YES;
				CLANG_WARN_STRICT_PROTOTYPES = YES;
				CLANG_WARN_SUSPICIOUS_MOVE = YES;
				CLANG_WARN_UNGUARDED_AVAILABILITY = YES_AGGRESSIVE;
				CLANG_WARN_UNREACHABLE_CODE = YES;
				CLANG_WARN__DUPLICATE_METHOD_MATCH = YES;
				COPY_PHASE_STRIP = NO;
				DEBUG_INFORMATION_FORMAT = dwarf;
				ENABLE_STRICT_OBJC_MSGSEND = YES;
				ENABLE_TESTABILITY = YES;
				GCC_C_LANGUAGE_STANDARD = gnu11;
				GCC_DYNAMIC_NO_PIC = NO;
				GCC_NO_COMMON_BLOCKS = YES;
				GCC_OPTIMIZATION_LEVEL = 0;
				GCC_PREPROCESSOR_DEFINITIONS = (
					"DEBUG=1",
					"$(inherited)",
				);
				GCC_WARN_64_TO_32_BIT_CONVERSION = YES;
				GCC_WARN_ABOUT_RETURN_TYPE = YES_ERROR;
				GCC_WARN_UNDECLARED_SELECTOR = YES;
				GCC_WARN_UNINITIALIZED_AUTOS = YES_AGGRESSIVE;
				GCC_WARN_UNUSED_FUNCTION = YES;
				GCC_WARN_UNUSED_VARIABLE = YES;
				IPHONEOS_DEPLOYMENT_TARGET = 13.5;
				MTL_ENABLE_DEBUG_INFO = INCLUDE_SOURCE;
				MTL_FAST_MATH = YES;
				ONLY_ACTIVE_ARCH = YES;
				SDKROOT = iphoneos;
				SWIFT_ACTIVE_COMPILATION_CONDITIONS = DEBUG;
				SWIFT_OPTIMIZATION_LEVEL = "-Onone";
			};
			name = Debug;
		};
		21540C8B24A498320036E75C /* Release */ = {
			isa = XCBuildConfiguration;
			buildSettings = {
				ALWAYS_SEARCH_USER_PATHS = NO;
				CLANG_ANALYZER_NONNULL = YES;
				CLANG_ANALYZER_NUMBER_OBJECT_CONVERSION = YES_AGGRESSIVE;
				CLANG_CXX_LANGUAGE_STANDARD = "gnu++14";
				CLANG_CXX_LIBRARY = "libc++";
				CLANG_ENABLE_MODULES = YES;
				CLANG_ENABLE_OBJC_ARC = YES;
				CLANG_ENABLE_OBJC_WEAK = YES;
				CLANG_WARN_BLOCK_CAPTURE_AUTORELEASING = YES;
				CLANG_WARN_BOOL_CONVERSION = YES;
				CLANG_WARN_COMMA = YES;
				CLANG_WARN_CONSTANT_CONVERSION = YES;
				CLANG_WARN_DEPRECATED_OBJC_IMPLEMENTATIONS = YES;
				CLANG_WARN_DIRECT_OBJC_ISA_USAGE = YES_ERROR;
				CLANG_WARN_DOCUMENTATION_COMMENTS = YES;
				CLANG_WARN_EMPTY_BODY = YES;
				CLANG_WARN_ENUM_CONVERSION = YES;
				CLANG_WARN_INFINITE_RECURSION = YES;
				CLANG_WARN_INT_CONVERSION = YES;
				CLANG_WARN_NON_LITERAL_NULL_CONVERSION = YES;
				CLANG_WARN_OBJC_IMPLICIT_RETAIN_SELF = YES;
				CLANG_WARN_OBJC_LITERAL_CONVERSION = YES;
				CLANG_WARN_OBJC_ROOT_CLASS = YES_ERROR;
				CLANG_WARN_RANGE_LOOP_ANALYSIS = YES;
				CLANG_WARN_STRICT_PROTOTYPES = YES;
				CLANG_WARN_SUSPICIOUS_MOVE = YES;
				CLANG_WARN_UNGUARDED_AVAILABILITY = YES_AGGRESSIVE;
				CLANG_WARN_UNREACHABLE_CODE = YES;
				CLANG_WARN__DUPLICATE_METHOD_MATCH = YES;
				COPY_PHASE_STRIP = NO;
				DEBUG_INFORMATION_FORMAT = "dwarf-with-dsym";
				ENABLE_NS_ASSERTIONS = NO;
				ENABLE_STRICT_OBJC_MSGSEND = YES;
				GCC_C_LANGUAGE_STANDARD = gnu11;
				GCC_NO_COMMON_BLOCKS = YES;
				GCC_WARN_64_TO_32_BIT_CONVERSION = YES;
				GCC_WARN_ABOUT_RETURN_TYPE = YES_ERROR;
				GCC_WARN_UNDECLARED_SELECTOR = YES;
				GCC_WARN_UNINITIALIZED_AUTOS = YES_AGGRESSIVE;
				GCC_WARN_UNUSED_FUNCTION = YES;
				GCC_WARN_UNUSED_VARIABLE = YES;
				IPHONEOS_DEPLOYMENT_TARGET = 13.5;
				MTL_ENABLE_DEBUG_INFO = NO;
				MTL_FAST_MATH = YES;
				SDKROOT = iphoneos;
				SWIFT_COMPILATION_MODE = wholemodule;
				SWIFT_OPTIMIZATION_LEVEL = "-O";
				VALIDATE_PRODUCT = YES;
			};
			name = Release;
		};
		21540C8D24A498320036E75C /* Debug */ = {
			isa = XCBuildConfiguration;
			buildSettings = {
				ASSETCATALOG_COMPILER_APPICON_NAME = AppIcon;
				CODE_SIGN_STYLE = Automatic;
				DEVELOPMENT_TEAM = F6SD5MVY6N;
				INFOPLIST_FILE = SplitViewControllerTest/Info.plist;
				LD_RUNPATH_SEARCH_PATHS = (
					"$(inherited)",
					"@executable_path/Frameworks",
				);
				PRODUCT_BUNDLE_IDENTIFIER = com.innovaptor.SplitViewControllerTest;
				PRODUCT_NAME = "$(TARGET_NAME)";
				SWIFT_VERSION = 5.0;
				TARGETED_DEVICE_FAMILY = "1,2";
			};
			name = Debug;
		};
		21540C8E24A498320036E75C /* Release */ = {
			isa = XCBuildConfiguration;
			buildSettings = {
				ASSETCATALOG_COMPILER_APPICON_NAME = AppIcon;
				CODE_SIGN_STYLE = Automatic;
				DEVELOPMENT_TEAM = F6SD5MVY6N;
				INFOPLIST_FILE = SplitViewControllerTest/Info.plist;
				LD_RUNPATH_SEARCH_PATHS = (
					"$(inherited)",
					"@executable_path/Frameworks",
				);
				PRODUCT_BUNDLE_IDENTIFIER = com.innovaptor.SplitViewControllerTest;
				PRODUCT_NAME = "$(TARGET_NAME)";
				SWIFT_VERSION = 5.0;
				TARGETED_DEVICE_FAMILY = "1,2";
			};
			name = Release;
		};
/* End XCBuildConfiguration section */

/* Begin XCConfigurationList section */
		21540C7324A4982F0036E75C /* Build configuration list for PBXProject "SplitViewControllerTest" */ = {
			isa = XCConfigurationList;
			buildConfigurations = (
				21540C8A24A498320036E75C /* Debug */,
				21540C8B24A498320036E75C /* Release */,
			);
			defaultConfigurationIsVisible = 0;
			defaultConfigurationName = Release;
		};
		21540C8C24A498320036E75C /* Build configuration list for PBXNativeTarget "SplitViewControllerTest" */ = {
			isa = XCConfigurationList;
			buildConfigurations = (
				21540C8D24A498320036E75C /* Debug */,
				21540C8E24A498320036E75C /* Release */,
			);
			defaultConfigurationIsVisible = 0;
			defaultConfigurationName = Release;
		};
/* End XCConfigurationList section */
	};
	rootObject = 21540C7024A4982F0036E75C /* Project object */;
}
